
Microsoft Visual Studio Solution File, Format Version 12.00
# Visual Studio 15
VisualStudioVersion = 15.0.27130.2020
MinimumVisualStudioVersion = 10.0.40219.1
Project("{FAE04EC0-301F-11D3-BF4B-00C04F79EFBC}") = "AfterLCD_client", "AfterLCD_client\AfterLCD_client.csproj", "{5D709A1E-D5E0-4785-B236-A5862171D798}"
EndProject
Global
	GlobalSection(SolutionConfigurationPlatforms) = preSolution
		Debug|Any CPU = Debug|Any CPU
		Release|Any CPU = Release|Any CPU
	EndGlobalSection
	GlobalSection(ProjectConfigurationPlatforms) = postSolution
		{5D709A1E-D5E0-4785-B236-A5862171D798}.Debug|Any CPU.ActiveCfg = Debug|Any CPU
		{5D709A1E-D5E0-4785-B236-A5862171D798}.Debug|Any CPU.Build.0 = Debug|Any CPU
		{5D709A1E-D5E0-4785-B236-A5862171D798}.Release|Any CPU.ActiveCfg = Release|Any CPU
		{5D709A1E-D5E0-4785-B236-A5862171D798}.Release|Any CPU.Build.0 = Release|Any CPU
	EndGlobalSection
	GlobalSection(SolutionProperties) = preSolution
		HideSolutionNode = FALSE
	EndGlobalSection
	GlobalSection(ExtensibilityGlobals) = postSolution
		SolutionGuid = {DC89387A-EFA0-4494-ADE5-C876D4D259D2}
	EndGlobalSection
EndGlobal
